// !$*UTF8*$!
{
	archiveVersion = 1;
	classes = {
	};
	objectVersion = 46;
	objects = {

/* Begin PBXAggregateTarget section */
		1437EA9417089A11001D41DF /* libjpeg */ = {
			isa = PBXAggregateTarget;
			buildConfigurationList = 1437EA9517089A11001D41DF /* Build configuration list for PBXAggregateTarget "libjpeg" */;
			buildPhases = (
				1437EA9817089A19001D41DF /* ShellScript */,
			);
			dependencies = (
			);
			name = libjpeg;
			productName = libjpeg;
		};
		1437EAA117089BA7001D41DF /* libpng */ = {
			isa = PBXAggregateTarget;
			buildConfigurationList = 1437EAA317089BA7001D41DF /* Build configuration list for PBXAggregateTarget "libpng" */;
			buildPhases = (
				1437EAA217089BA7001D41DF /* ShellScript */,
			);
			dependencies = (
			);
			name = libpng;
			productName = libjpeg;
		};
		1437EAA617089C84001D41DF /* freetype */ = {
			isa = PBXAggregateTarget;
			buildConfigurationList = 1437EAA817089C84001D41DF /* Build configuration list for PBXAggregateTarget "freetype" */;
			buildPhases = (
				1437EAA717089C84001D41DF /* ShellScript */,
			);
			dependencies = (
			);
			name = freetype;
			productName = libjpeg;
		};
		1437EAAB17089D45001D41DF /* Build Support Libraries */ = {
			isa = PBXAggregateTarget;
			buildConfigurationList = 1437EAAC17089D45001D41DF /* Build configuration list for PBXAggregateTarget "Build Support Libraries" */;
			buildPhases = (
			);
			dependencies = (
				1437EAB017089D4D001D41DF /* PBXTargetDependency */,
				1437EAB217089D4E001D41DF /* PBXTargetDependency */,
				1437EAB417089D50001D41DF /* PBXTargetDependency */,
			);
			name = "Build Support Libraries";
			productName = "Build Support Libraries";
		};
/* End PBXAggregateTarget section */

/* Begin PBXBuildFile section */
		1437EABB1708A20D001D41DF /* GDColor.m in Sources */ = {isa = PBXBuildFile; fileRef = 6EE31E010C5369EF00E5F6AE /* GDColor.m */; };
		14429ED70C50B99F00D6C3B5 /* GDFramework.h in Headers */ = {isa = PBXBuildFile; fileRef = 14429ED60C50B99F00D6C3B5 /* GDFramework.h */; settings = {ATTRIBUTES = (Public, ); }; };
		14429EFE0C50BA5C00D6C3B5 /* Foundation.framework in Frameworks */ = {isa = PBXBuildFile; fileRef = 0867D69BFE84028FC02AAC07 /* Foundation.framework */; };
		6E7E92790F68432B008469A9 /* AppKit.framework in Frameworks */ = {isa = PBXBuildFile; fileRef = 6E7E92780F68432B008469A9 /* AppKit.framework */; };
		6E7E929F0F6843FC008469A9 /* GDFramework.framework in Frameworks */ = {isa = PBXBuildFile; fileRef = 8DC2EF5B0486A6940098B216 /* GDFramework.framework */; };
		6E7E92A10F68440C008469A9 /* main.m in Sources */ = {isa = PBXBuildFile; fileRef = 14429ED00C50B95300D6C3B5 /* main.m */; };
/* End PBXBuildFile section */

/* Begin PBXContainerItemProxy section */
		1437EAAF17089D4D001D41DF /* PBXContainerItemProxy */ = {
			isa = PBXContainerItemProxy;
			containerPortal = 0867D690FE84028FC02AAC07 /* Project object */;
			proxyType = 1;
			remoteGlobalIDString = 1437EA9417089A11001D41DF;
			remoteInfo = libjpeg;
		};
		1437EAB117089D4E001D41DF /* PBXContainerItemProxy */ = {
			isa = PBXContainerItemProxy;
			containerPortal = 0867D690FE84028FC02AAC07 /* Project object */;
			proxyType = 1;
			remoteGlobalIDString = 1437EAA117089BA7001D41DF;
			remoteInfo = libpng;
		};
		1437EAB317089D50001D41DF /* PBXContainerItemProxy */ = {
			isa = PBXContainerItemProxy;
			containerPortal = 0867D690FE84028FC02AAC07 /* Project object */;
			proxyType = 1;
			remoteGlobalIDString = 1437EAA617089C84001D41DF;
			remoteInfo = freetype;
		};
		1437EAB517089D6A001D41DF /* PBXContainerItemProxy */ = {
			isa = PBXContainerItemProxy;
			containerPortal = 0867D690FE84028FC02AAC07 /* Project object */;
			proxyType = 1;
			remoteGlobalIDString = 1437EAAB17089D45001D41DF;
			remoteInfo = "Build Support Libraries";
		};
		6E7E929D0F6843F7008469A9 /* PBXContainerItemProxy */ = {
			isa = PBXContainerItemProxy;
			containerPortal = 0867D690FE84028FC02AAC07 /* Project object */;
			proxyType = 1;
			remoteGlobalIDString = 8DC2EF4F0486A6940098B216;
			remoteInfo = GDFramework;
		};
/* End PBXContainerItemProxy section */

/* Begin PBXFileReference section */
		0867D69BFE84028FC02AAC07 /* Foundation.framework */ = {isa = PBXFileReference; lastKnownFileType = wrapper.framework; name = Foundation.framework; path = /System/Library/Frameworks/Foundation.framework; sourceTree = "<absolute>"; };
		1437EA9A17089AE9001D41DF /* make-freetype.sh */ = {isa = PBXFileReference; lastKnownFileType = text.script.sh; path = "make-freetype.sh"; sourceTree = "<group>"; };
		1437EA9B17089AE9001D41DF /* make-libjpeg.sh */ = {isa = PBXFileReference; lastKnownFileType = text.script.sh; path = "make-libjpeg.sh"; sourceTree = "<group>"; };
		1437EA9C17089AE9001D41DF /* make-libpng.sh */ = {isa = PBXFileReference; lastKnownFileType = text.script.sh; path = "make-libpng.sh"; sourceTree = "<group>"; };
		1437EA9E17089AE9001D41DF /* freetype-2.4.11.tar.gz */ = {isa = PBXFileReference; lastKnownFileType = archive.gzip; path = "freetype-2.4.11.tar.gz"; sourceTree = "<group>"; };
		1437EA9F17089AE9001D41DF /* jpegsrc.v9.tar.gz */ = {isa = PBXFileReference; lastKnownFileType = archive.gzip; path = jpegsrc.v9.tar.gz; sourceTree = "<group>"; };
		1437EAA017089AE9001D41DF /* libpng-1.5.14.tar.gz */ = {isa = PBXFileReference; lastKnownFileType = archive.gzip; path = "libpng-1.5.14.tar.gz"; sourceTree = "<group>"; };
		14429ED00C50B95300D6C3B5 /* main.m */ = {isa = PBXFileReference; fileEncoding = 4; lastKnownFileType = sourcecode.c.objc; path = main.m; sourceTree = "<group>"; };
		14429ED60C50B99F00D6C3B5 /* GDFramework.h */ = {isa = PBXFileReference; fileEncoding = 4; lastKnownFileType = sourcecode.c.h; path = GDFramework.h; sourceTree = "<group>"; };
		14429F350C50BD3F00D6C3B5 /* GDImage.h */ = {isa = PBXFileReference; fileEncoding = 4; lastKnownFileType = sourcecode.c.h; path = GDImage.h; sourceTree = "<group>"; };
		14429F360C50BD3F00D6C3B5 /* GDImage.m */ = {isa = PBXFileReference; fileEncoding = 4; lastKnownFileType = sourcecode.c.objc; path = GDImage.m; sourceTree = "<group>"; };
		6E582A930C5223B600BACB3C /* GDTypes.h */ = {isa = PBXFileReference; fileEncoding = 4; lastKnownFileType = sourcecode.c.h; path = GDTypes.h; sourceTree = "<group>"; };
		6E582AF50C522C7100BACB3C /* readme.txt */ = {isa = PBXFileReference; fileEncoding = 4; lastKnownFileType = text; path = readme.txt; sourceTree = "<group>"; };
		6E582B0D0C522D6700BACB3C /* LICENSE */ = {isa = PBXFileReference; fileEncoding = 4; lastKnownFileType = text; path = LICENSE; sourceTree = "<group>"; };
		6E582B180C5231CA00BACB3C /* max.jpg */ = {isa = PBXFileReference; lastKnownFileType = image.jpeg; path = max.jpg; sourceTree = "<group>"; };
		6E7E92780F68432B008469A9 /* AppKit.framework */ = {isa = PBXFileReference; lastKnownFileType = wrapper.framework; name = AppKit.framework; path = /System/Library/Frameworks/AppKit.framework; sourceTree = "<absolute>"; };
		6E7E92990F6843F2008469A9 /* GDFrameworkTest */ = {isa = PBXFileReference; explicitFileType = "compiled.mach-o.executable"; includeInIndex = 0; path = GDFrameworkTest; sourceTree = BUILT_PRODUCTS_DIR; };
		6ED1FC5F16C823D10084A33E /* README.md */ = {isa = PBXFileReference; lastKnownFileType = text; path = README.md; sourceTree = "<group>"; };
		6EE31E000C5369EF00E5F6AE /* GDColor.h */ = {isa = PBXFileReference; fileEncoding = 4; lastKnownFileType = sourcecode.c.h; path = GDColor.h; sourceTree = "<group>"; };
		6EE31E010C5369EF00E5F6AE /* GDColor.m */ = {isa = PBXFileReference; fileEncoding = 4; lastKnownFileType = sourcecode.c.objc; path = GDColor.m; sourceTree = "<group>"; };
		6EE31F230C53837400E5F6AE /* GDImage+Cocoa.h */ = {isa = PBXFileReference; fileEncoding = 4; lastKnownFileType = sourcecode.c.h; path = "GDImage+Cocoa.h"; sourceTree = "<group>"; };
		6EE31F240C53837400E5F6AE /* GDImage+Cocoa.m */ = {isa = PBXFileReference; fileEncoding = 4; lastKnownFileType = sourcecode.c.objc; path = "GDImage+Cocoa.m"; sourceTree = "<group>"; };
		6EE321030C538C4E00E5F6AE /* max.bmp */ = {isa = PBXFileReference; lastKnownFileType = image.bmp; path = max.bmp; sourceTree = "<group>"; };
		6EE322100C53A2BC00E5F6AE /* GDFont.h */ = {isa = PBXFileReference; fileEncoding = 4; lastKnownFileType = sourcecode.c.h; path = GDFont.h; sourceTree = "<group>"; };
		6EE322110C53A2BC00E5F6AE /* GDFont.m */ = {isa = PBXFileReference; fileEncoding = 4; lastKnownFileType = sourcecode.c.objc; path = GDFont.m; sourceTree = "<group>"; };
		8DC2EF5A0486A6940098B216 /* Info.plist */ = {isa = PBXFileReference; fileEncoding = 4; lastKnownFileType = text.plist.xml; name = Info.plist; path = resources/Info.plist; sourceTree = "<group>"; };
		8DC2EF5B0486A6940098B216 /* GDFramework.framework */ = {isa = PBXFileReference; explicitFileType = wrapper.framework; includeInIndex = 0; path = GDFramework.framework; sourceTree = BUILT_PRODUCTS_DIR; };
/* End PBXFileReference section */

/* Begin PBXFrameworksBuildPhase section */
		6E7E92970F6843F2008469A9 /* Frameworks */ = {
			isa = PBXFrameworksBuildPhase;
			buildActionMask = 2147483647;
			files = (
				6E7E929F0F6843FC008469A9 /* GDFramework.framework in Frameworks */,
			);
			runOnlyForDeploymentPostprocessing = 0;
		};
		8DC2EF560486A6940098B216 /* Frameworks */ = {
			isa = PBXFrameworksBuildPhase;
			buildActionMask = 2147483647;
			files = (
				14429EFE0C50BA5C00D6C3B5 /* Foundation.framework in Frameworks */,
				6E7E92790F68432B008469A9 /* AppKit.framework in Frameworks */,
			);
			runOnlyForDeploymentPostprocessing = 0;
		};
/* End PBXFrameworksBuildPhase section */

/* Begin PBXGroup section */
		034768DFFF38A50411DB9C8B /* Products */ = {
			isa = PBXGroup;
			children = (
				8DC2EF5B0486A6940098B216 /* GDFramework.framework */,
				6E7E92990F6843F2008469A9 /* GDFrameworkTest */,
			);
			name = Products;
			sourceTree = "<group>";
		};
		0867D691FE84028FC02AAC07 /* GDFramework */ = {
			isa = PBXGroup;
			children = (
				6ED1FC5F16C823D10084A33E /* README.md */,
				6E582B0D0C522D6700BACB3C /* LICENSE */,
				14429FA00C50C2A900D6C3B5 /* doc */,
				089C1665FE841158C02AAC07 /* resources */,
				1437EA9917089AE9001D41DF /* etc */,
				1437EA9D17089AE9001D41DF /* tar */,
				14429EC80C50B89F00D6C3B5 /* src */,
				14429ECC0C50B8A900D6C3B5 /* example */,
				0867D69AFE84028FC02AAC07 /* Frameworks */,
				034768DFFF38A50411DB9C8B /* Products */,
			);
			name = GDFramework;
			sourceTree = "<group>";
		};
		0867D69AFE84028FC02AAC07 /* Frameworks */ = {
			isa = PBXGroup;
			children = (
				6E7E92780F68432B008469A9 /* AppKit.framework */,
				0867D69BFE84028FC02AAC07 /* Foundation.framework */,
			);
			name = Frameworks;
			sourceTree = "<group>";
		};
		089C1665FE841158C02AAC07 /* resources */ = {
			isa = PBXGroup;
			children = (
				8DC2EF5A0486A6940098B216 /* Info.plist */,
			);
			name = resources;
			sourceTree = "<group>";
		};
		1437EA9917089AE9001D41DF /* etc */ = {
			isa = PBXGroup;
			children = (
				1437EA9A17089AE9001D41DF /* make-freetype.sh */,
				1437EA9B17089AE9001D41DF /* make-libjpeg.sh */,
				1437EA9C17089AE9001D41DF /* make-libpng.sh */,
			);
			path = etc;
			sourceTree = "<group>";
		};
		1437EA9D17089AE9001D41DF /* tar */ = {
			isa = PBXGroup;
			children = (
				1437EA9E17089AE9001D41DF /* freetype-2.4.11.tar.gz */,
				1437EA9F17089AE9001D41DF /* jpegsrc.v9.tar.gz */,
				1437EAA017089AE9001D41DF /* libpng-1.5.14.tar.gz */,
			);
			path = tar;
			sourceTree = "<group>";
		};
		14429EC80C50B89F00D6C3B5 /* src */ = {
			isa = PBXGroup;
			children = (
				14429ED60C50B99F00D6C3B5 /* GDFramework.h */,
				14429F350C50BD3F00D6C3B5 /* GDImage.h */,
				14429F360C50BD3F00D6C3B5 /* GDImage.m */,
				6E582A930C5223B600BACB3C /* GDTypes.h */,
				6EE31E000C5369EF00E5F6AE /* GDColor.h */,
				6EE31E010C5369EF00E5F6AE /* GDColor.m */,
				6EE322100C53A2BC00E5F6AE /* GDFont.h */,
				6EE322110C53A2BC00E5F6AE /* GDFont.m */,
				6EE31F230C53837400E5F6AE /* GDImage+Cocoa.h */,
				6EE31F240C53837400E5F6AE /* GDImage+Cocoa.m */,
			);
			path = src;
			sourceTree = "<group>";
		};
		14429ECC0C50B8A900D6C3B5 /* example */ = {
			isa = PBXGroup;
			children = (
				6EE321030C538C4E00E5F6AE /* max.bmp */,
				6E582B180C5231CA00BACB3C /* max.jpg */,
				14429ED00C50B95300D6C3B5 /* main.m */,
			);
			path = example;
			sourceTree = "<group>";
		};
		14429FA00C50C2A900D6C3B5 /* doc */ = {
			isa = PBXGroup;
			children = (
				6E582AF50C522C7100BACB3C /* readme.txt */,
			);
			path = doc;
			sourceTree = "<group>";
		};
/* End PBXGroup section */

/* Begin PBXHeadersBuildPhase section */
		8DC2EF500486A6940098B216 /* Headers */ = {
			isa = PBXHeadersBuildPhase;
			buildActionMask = 2147483647;
			files = (
				14429ED70C50B99F00D6C3B5 /* GDFramework.h in Headers */,
			);
			runOnlyForDeploymentPostprocessing = 0;
		};
/* End PBXHeadersBuildPhase section */

/* Begin PBXNativeTarget section */
		6E7E92980F6843F2008469A9 /* GDFrameworkTest */ = {
			isa = PBXNativeTarget;
			buildConfigurationList = 6E7E92A50F68442A008469A9 /* Build configuration list for PBXNativeTarget "GDFrameworkTest" */;
			buildPhases = (
				6E7E92960F6843F2008469A9 /* Sources */,
				6E7E92970F6843F2008469A9 /* Frameworks */,
			);
			buildRules = (
			);
			dependencies = (
				6E7E929E0F6843F7008469A9 /* PBXTargetDependency */,
			);
			name = GDFrameworkTest;
			productName = GDFrameworkTest;
			productReference = 6E7E92990F6843F2008469A9 /* GDFrameworkTest */;
			productType = "com.apple.product-type.tool";
		};
		8DC2EF4F0486A6940098B216 /* GDFramework */ = {
			isa = PBXNativeTarget;
			buildConfigurationList = 1DEB91AD08733DA50010E9CD /* Build configuration list for PBXNativeTarget "GDFramework" */;
			buildPhases = (
				8DC2EF500486A6940098B216 /* Headers */,
				8DC2EF520486A6940098B216 /* Resources */,
				8DC2EF540486A6940098B216 /* Sources */,
				8DC2EF560486A6940098B216 /* Frameworks */,
				1437EABA17089F17001D41DF /* ShellScript */,
			);
			buildRules = (
			);
			dependencies = (
				1437EAB617089D6A001D41DF /* PBXTargetDependency */,
			);
			name = GDFramework;
			productInstallPath = "$(HOME)/Library/Frameworks";
			productName = GDFramework;
			productReference = 8DC2EF5B0486A6940098B216 /* GDFramework.framework */;
			productType = "com.apple.product-type.framework";
		};
/* End PBXNativeTarget section */

/* Begin PBXProject section */
		0867D690FE84028FC02AAC07 /* Project object */ = {
			isa = PBXProject;
			attributes = {
				LastUpgradeCheck = 0460;
			};
			buildConfigurationList = 1DEB91B108733DA50010E9CD /* Build configuration list for PBXProject "GDFramework" */;
			compatibilityVersion = "Xcode 3.2";
			developmentRegion = English;
			hasScannedForEncodings = 1;
			knownRegions = (
				en,
			);
			mainGroup = 0867D691FE84028FC02AAC07 /* GDFramework */;
			productRefGroup = 034768DFFF38A50411DB9C8B /* Products */;
			projectDirPath = "";
			projectRoot = "";
			targets = (
				1437EA9417089A11001D41DF /* libjpeg */,
				1437EAA117089BA7001D41DF /* libpng */,
				1437EAA617089C84001D41DF /* freetype */,
				1437EAAB17089D45001D41DF /* Build Support Libraries */,
				8DC2EF4F0486A6940098B216 /* GDFramework */,
				6E7E92980F6843F2008469A9 /* GDFrameworkTest */,
			);
		};
/* End PBXProject section */

/* Begin PBXResourcesBuildPhase section */
		8DC2EF520486A6940098B216 /* Resources */ = {
			isa = PBXResourcesBuildPhase;
			buildActionMask = 2147483647;
			files = (
			);
			runOnlyForDeploymentPostprocessing = 0;
		};
/* End PBXResourcesBuildPhase section */

/* Begin PBXShellScriptBuildPhase section */
		1437EA9817089A19001D41DF /* ShellScript */ = {
			isa = PBXShellScriptBuildPhase;
			buildActionMask = 2147483647;
			files = (
			);
			inputPaths = (
				"$(SRCROOT)/tar/jpegsrc.v9.tar.gz",
			);
			outputPaths = (
			);
			runOnlyForDeploymentPostprocessing = 0;
			shellPath = /bin/sh;
			shellScript = "\nif [ \"${SCRIPT_INPUT_FILE_COUNT}\" != \"1\" ] ; then\n    echo \"Invalid number of input files\"\n    exit 1\nfi\n\nif [ ! -f ${SCRIPT_INPUT_FILE_0} ] ; then\n    echo \"Missing input file\"\n    exit 1\nfi\n\necho \"Making ${SCRIPT_INPUT_FILE_0}\"\necho \"Output to ${BUILT_PRODUCTS_DIR}\"\n\nif [ ! -d ${BUILT_PRODUCTS_DIR} ]\nthen\n    mkdir -pv ${BUILT_PRODUCTS_DIR}\nfi\n\n/bin/bash ${SRCROOT}/etc/make-libjpeg.sh ${SCRIPT_INPUT_FILE_0} ${BUILT_PRODUCTS_DIR}\n\n";
		};
		1437EAA217089BA7001D41DF /* ShellScript */ = {
			isa = PBXShellScriptBuildPhase;
			buildActionMask = 2147483647;
			files = (
			);
			inputPaths = (
				"$(SRCROOT)/tar/libpng-1.5.14.tar.gz",
			);
			outputPaths = (
			);
			runOnlyForDeploymentPostprocessing = 0;
			shellPath = /bin/sh;
			shellScript = "\nif [ \"${SCRIPT_INPUT_FILE_COUNT}\" != \"1\" ] ; then\n    echo \"Invalid number of input files\"\n    exit 1\nfi\n\nif [ ! -f ${SCRIPT_INPUT_FILE_0} ] ; then\n    echo \"Missing input file\"\n    exit 1\nfi\n\necho \"Making ${SCRIPT_INPUT_FILE_0}\"\necho \"Output to ${BUILT_PRODUCTS_DIR}\"\n\nif [ ! -d ${BUILT_PRODUCTS_DIR} ]\nthen\n    mkdir -pv ${BUILT_PRODUCTS_DIR}\nfi\n\n/bin/bash ${SRCROOT}/etc/make-libpng.sh ${SCRIPT_INPUT_FILE_0} ${BUILT_PRODUCTS_DIR}\n\n";
		};
		1437EAA717089C84001D41DF /* ShellScript */ = {
			isa = PBXShellScriptBuildPhase;
			buildActionMask = 2147483647;
			files = (
			);
			inputPaths = (
				"$(SRCROOT)/tar/freetype-2.4.11.tar.gz",
			);
			outputPaths = (
			);
			runOnlyForDeploymentPostprocessing = 0;
			shellPath = /bin/sh;
			shellScript = "\nif [ \"${SCRIPT_INPUT_FILE_COUNT}\" != \"1\" ] ; then\n    echo \"Invalid number of input files\"\n    exit 1\nfi\n\nif [ ! -f ${SCRIPT_INPUT_FILE_0} ] ; then\n    echo \"Missing input file\"\n    exit 1\nfi\n\necho \"Making ${SCRIPT_INPUT_FILE_0}\"\necho \"Output to ${BUILT_PRODUCTS_DIR}\"\n\nif [ ! -d ${BUILT_PRODUCTS_DIR} ]\nthen\n    mkdir -pv ${BUILT_PRODUCTS_DIR}\nfi\n\n/bin/bash ${SRCROOT}/etc/make-freetype.sh ${SCRIPT_INPUT_FILE_0} ${BUILT_PRODUCTS_DIR}\n\n";
		};
		1437EABA17089F17001D41DF /* ShellScript */ = {
			isa = PBXShellScriptBuildPhase;
			buildActionMask = 2147483647;
			files = (
			);
			inputPaths = (
				"${BUILT_PRODUCTS_DIR}/freetype-current",
				"${BUILT_PRODUCTS_DIR}/libjpeg-current",
				"${BUILT_PRODUCTS_DIR}/libpng-current",
			);
			outputPaths = (
			);
			runOnlyForDeploymentPostprocessing = 0;
			shellPath = /bin/sh;
			shellScript = "\nBUILD=${BUILT_PRODUCTS_DIR}\nDESTINATION=${BUILD}/${CONTENTS_FOLDER_PATH}/Resources\n\nfor (( FILE_COUNT=0 ; $FILE_COUNT < $SCRIPT_INPUT_FILE_COUNT ; FILE_COUNT++ ))\ndo\n    SOURCE=$(declare -p SCRIPT_INPUT_FILE_$FILE_COUNT | awk -F \"=\" '{print $2}' | sed -e 's/\"$//' -e 's/^\"//')\n    PACKAGE=`basename ${SOURCE}`\n\n    echo Installing ${DESTINATION}/${PACKAGE}\n\n    # copy lib directory\n    install -d ${DESTINATION}/${PACKAGE}/lib\n    cp -r ${SOURCE}/lib ${DESTINATION}/${PACKAGE}\n\ndone\n\n";
		};
/* End PBXShellScriptBuildPhase section */

/* Begin PBXSourcesBuildPhase section */
		6E7E92960F6843F2008469A9 /* Sources */ = {
			isa = PBXSourcesBuildPhase;
			buildActionMask = 2147483647;
			files = (
				6E7E92A10F68440C008469A9 /* main.m in Sources */,
			);
			runOnlyForDeploymentPostprocessing = 0;
		};
		8DC2EF540486A6940098B216 /* Sources */ = {
			isa = PBXSourcesBuildPhase;
			buildActionMask = 2147483647;
			files = (
				1437EABB1708A20D001D41DF /* GDColor.m in Sources */,
			);
			runOnlyForDeploymentPostprocessing = 0;
		};
/* End PBXSourcesBuildPhase section */

/* Begin PBXTargetDependency section */
		1437EAB017089D4D001D41DF /* PBXTargetDependency */ = {
			isa = PBXTargetDependency;
			target = 1437EA9417089A11001D41DF /* libjpeg */;
			targetProxy = 1437EAAF17089D4D001D41DF /* PBXContainerItemProxy */;
		};
		1437EAB217089D4E001D41DF /* PBXTargetDependency */ = {
			isa = PBXTargetDependency;
			target = 1437EAA117089BA7001D41DF /* libpng */;
			targetProxy = 1437EAB117089D4E001D41DF /* PBXContainerItemProxy */;
		};
		1437EAB417089D50001D41DF /* PBXTargetDependency */ = {
			isa = PBXTargetDependency;
			target = 1437EAA617089C84001D41DF /* freetype */;
			targetProxy = 1437EAB317089D50001D41DF /* PBXContainerItemProxy */;
		};
		1437EAB617089D6A001D41DF /* PBXTargetDependency */ = {
			isa = PBXTargetDependency;
			target = 1437EAAB17089D45001D41DF /* Build Support Libraries */;
			targetProxy = 1437EAB517089D6A001D41DF /* PBXContainerItemProxy */;
		};
		6E7E929E0F6843F7008469A9 /* PBXTargetDependency */ = {
			isa = PBXTargetDependency;
			target = 8DC2EF4F0486A6940098B216 /* GDFramework */;
			targetProxy = 6E7E929D0F6843F7008469A9 /* PBXContainerItemProxy */;
		};
/* End PBXTargetDependency section */

/* Begin XCBuildConfiguration section */
		1437EA9617089A11001D41DF /* Debug */ = {
			isa = XCBuildConfiguration;
			buildSettings = {
				ARCHS = "$(ARCHS_STANDARD_64_BIT)";
				COMBINE_HIDPI_IMAGES = YES;
				PRODUCT_NAME = "$(TARGET_NAME)";
				SDKROOT = macosx10.7;
			};
			name = Debug;
		};
		1437EA9717089A11001D41DF /* Release */ = {
			isa = XCBuildConfiguration;
			buildSettings = {
				ARCHS = "$(ARCHS_STANDARD_64_BIT)";
				COMBINE_HIDPI_IMAGES = YES;
				PRODUCT_NAME = "$(TARGET_NAME)";
				SDKROOT = macosx10.7;
			};
			name = Release;
		};
		1437EAA417089BA7001D41DF /* Debug */ = {
			isa = XCBuildConfiguration;
			buildSettings = {
				ARCHS = "$(ARCHS_STANDARD_64_BIT)";
				COMBINE_HIDPI_IMAGES = YES;
				PRODUCT_NAME = "libjpeg copy";
				SDKROOT = macosx10.7;
			};
			name = Debug;
		};
		1437EAA517089BA7001D41DF /* Release */ = {
			isa = XCBuildConfiguration;
			buildSettings = {
				ARCHS = "$(ARCHS_STANDARD_64_BIT)";
				COMBINE_HIDPI_IMAGES = YES;
				PRODUCT_NAME = "libjpeg copy";
				SDKROOT = macosx10.7;
			};
			name = Release;
		};
		1437EAA917089C84001D41DF /* Debug */ = {
			isa = XCBuildConfiguration;
			buildSettings = {
				ARCHS = "$(ARCHS_STANDARD_64_BIT)";
				COMBINE_HIDPI_IMAGES = YES;
				PRODUCT_NAME = "libpng copy";
				SDKROOT = macosx10.7;
			};
			name = Debug;
		};
		1437EAAA17089C84001D41DF /* Release */ = {
			isa = XCBuildConfiguration;
			buildSettings = {
				ARCHS = "$(ARCHS_STANDARD_64_BIT)";
				COMBINE_HIDPI_IMAGES = YES;
				PRODUCT_NAME = "libpng copy";
				SDKROOT = macosx10.7;
			};
			name = Release;
		};
		1437EAAD17089D45001D41DF /* Debug */ = {
			isa = XCBuildConfiguration;
			buildSettings = {
				ARCHS = "$(ARCHS_STANDARD_64_BIT)";
				PRODUCT_NAME = "$(TARGET_NAME)";
				SDKROOT = macosx10.7;
			};
			name = Debug;
		};
		1437EAAE17089D45001D41DF /* Release */ = {
			isa = XCBuildConfiguration;
			buildSettings = {
				ARCHS = "$(ARCHS_STANDARD_64_BIT)";
				PRODUCT_NAME = "$(TARGET_NAME)";
				SDKROOT = macosx10.7;
			};
			name = Release;
		};
		1DEB91AE08733DA50010E9CD /* Debug */ = {
			isa = XCBuildConfiguration;
			buildSettings = {
				ARCHS = "$(ARCHS_STANDARD_64_BIT)";
				COMBINE_HIDPI_IMAGES = YES;
				COPY_PHASE_STRIP = NO;
				DYLIB_COMPATIBILITY_VERSION = 1;
				DYLIB_CURRENT_VERSION = 1;
				FRAMEWORK_VERSION = A;
				GCC_DYNAMIC_NO_PIC = NO;
				GCC_MODEL_TUNING = G5;
				GCC_OPTIMIZATION_LEVEL = 0;
				GCC_PRECOMPILE_PREFIX_HEADER = NO;
				GCC_PREFIX_HEADER = "";
				GENERATE_MASTER_OBJECT_FILE = YES;
				INFOPLIST_FILE = resources/Info.plist;
				INSTALL_PATH = "@executable_path/../Frameworks";
				LIBRARY_SEARCH_PATHS = (
					"$(inherited)",
					"$(LIBRARY_SEARCH_PATHS_QUOTED_2)",
					"$(LIBRARY_SEARCH_PATHS_QUOTED_3)",
				);
				LIBRARY_SEARCH_PATHS_QUOTED_1 = "\"$(SRCROOT)/lib\"";
				LIBRARY_SEARCH_PATHS_QUOTED_2 = "\"$(SRCROOT)/lib\"";
				LIBRARY_SEARCH_PATHS_QUOTED_3 = "\"$(SRCROOT)/lib\"";
				PRECOMPS_INCLUDE_HEADERS_FROM_BUILT_PRODUCTS_DIR = NO;
				PRODUCT_NAME = GDFramework;
				SDKROOT = macosx10.7;
				WRAPPER_EXTENSION = framework;
			};
			name = Debug;
		};
		1DEB91AF08733DA50010E9CD /* Release */ = {
			isa = XCBuildConfiguration;
			buildSettings = {
				ARCHS = "$(ARCHS_STANDARD_64_BIT)";
				COMBINE_HIDPI_IMAGES = YES;
				DYLIB_COMPATIBILITY_VERSION = 1;
				DYLIB_CURRENT_VERSION = 1;
				FRAMEWORK_VERSION = A;
				GCC_GENERATE_DEBUGGING_SYMBOLS = NO;
				GCC_MODEL_TUNING = G5;
				GCC_PRECOMPILE_PREFIX_HEADER = NO;
				GCC_PREFIX_HEADER = "";
				GENERATE_MASTER_OBJECT_FILE = YES;
				INFOPLIST_FILE = resources/Info.plist;
				INSTALL_PATH = "@executable_path/../Frameworks";
				LIBRARY_SEARCH_PATHS = (
					"$(inherited)",
					"$(LIBRARY_SEARCH_PATHS_QUOTED_2)",
					"$(LIBRARY_SEARCH_PATHS_QUOTED_3)",
				);
				LIBRARY_SEARCH_PATHS_QUOTED_1 = "\"$(SRCROOT)/lib\"";
				LIBRARY_SEARCH_PATHS_QUOTED_2 = "\"$(SRCROOT)/lib\"";
				LIBRARY_SEARCH_PATHS_QUOTED_3 = "\"$(SRCROOT)/lib\"";
				PRECOMPS_INCLUDE_HEADERS_FROM_BUILT_PRODUCTS_DIR = NO;
				PRODUCT_NAME = GDFramework;
				SDKROOT = macosx10.7;
				WRAPPER_EXTENSION = framework;
			};
			name = Release;
		};
		1DEB91B208733DA50010E9CD /* Debug */ = {
			isa = XCBuildConfiguration;
			buildSettings = {
				ARCHS = (
					ppc,
					i386,
				);
				GCC_C_LANGUAGE_STANDARD = gnu99;
				GCC_WARN_ABOUT_RETURN_TYPE = YES;
				GCC_WARN_UNUSED_VARIABLE = YES;
				GENERATE_MASTER_OBJECT_FILE = YES;
				HEADER_SEARCH_PATHS = include;
				OTHER_LDFLAGS = "-single_module";
				SDKROOT = "$(DEVELOPER_SDK_DIR)/MacOSX10.4u.sdk";
			};
			name = Debug;
		};
		1DEB91B308733DA50010E9CD /* Release */ = {
			isa = XCBuildConfiguration;
			buildSettings = {
				ARCHS = (
					ppc,
					i386,
				);
				GCC_C_LANGUAGE_STANDARD = gnu99;
				GCC_WARN_ABOUT_RETURN_TYPE = YES;
				GCC_WARN_UNUSED_VARIABLE = YES;
				GENERATE_MASTER_OBJECT_FILE = YES;
				HEADER_SEARCH_PATHS = include;
				OTHER_LDFLAGS = "-single_module";
				SDKROOT = "$(DEVELOPER_SDK_DIR)/MacOSX10.4u.sdk";
			};
			name = Release;
		};
		6E7E929B0F6843F2008469A9 /* Debug */ = {
			isa = XCBuildConfiguration;
			buildSettings = {
				ALWAYS_SEARCH_USER_PATHS = NO;
				ARCHS = "$(ARCHS_STANDARD_64_BIT)";
				COPY_PHASE_STRIP = NO;
				GCC_DYNAMIC_NO_PIC = NO;
				GCC_MODEL_TUNING = G5;
				GCC_OPTIMIZATION_LEVEL = 0;
				GCC_PRECOMPILE_PREFIX_HEADER = YES;
				GCC_PREFIX_HEADER = "$(SYSTEM_LIBRARY_DIR)/Frameworks/AppKit.framework/Headers/AppKit.h";
				INSTALL_PATH = /usr/local/bin;
				OTHER_LDFLAGS = (
					"-framework",
					Foundation,
					"-framework",
					AppKit,
				);
				PRODUCT_NAME = GDFrameworkTest;
				SDKROOT = macosx10.7;
			};
			name = Debug;
		};
		6E7E929C0F6843F2008469A9 /* Release */ = {
			isa = XCBuildConfiguration;
			buildSettings = {
				ALWAYS_SEARCH_USER_PATHS = NO;
				ARCHS = "$(ARCHS_STANDARD_64_BIT)";
				COPY_PHASE_STRIP = YES;
				DEBUG_INFORMATION_FORMAT = "dwarf-with-dsym";
				GCC_MODEL_TUNING = G5;
				GCC_PRECOMPILE_PREFIX_HEADER = YES;
				GCC_PREFIX_HEADER = "$(SYSTEM_LIBRARY_DIR)/Frameworks/AppKit.framework/Headers/AppKit.h";
				INSTALL_PATH = /usr/local/bin;
				OTHER_LDFLAGS = (
					"-framework",
					Foundation,
					"-framework",
					AppKit,
				);
				PRODUCT_NAME = GDFrameworkTest;
				SDKROOT = macosx10.7;
				ZERO_LINK = NO;
			};
			name = Release;
		};
/* End XCBuildConfiguration section */

/* Begin XCConfigurationList section */
		1437EA9517089A11001D41DF /* Build configuration list for PBXAggregateTarget "libjpeg" */ = {
			isa = XCConfigurationList;
			buildConfigurations = (
				1437EA9617089A11001D41DF /* Debug */,
				1437EA9717089A11001D41DF /* Release */,
			);
			defaultConfigurationIsVisible = 0;
		};
		1437EAA317089BA7001D41DF /* Build configuration list for PBXAggregateTarget "libpng" */ = {
			isa = XCConfigurationList;
			buildConfigurations = (
				1437EAA417089BA7001D41DF /* Debug */,
				1437EAA517089BA7001D41DF /* Release */,
			);
			defaultConfigurationIsVisible = 0;
		};
		1437EAA817089C84001D41DF /* Build configuration list for PBXAggregateTarget "freetype" */ = {
			isa = XCConfigurationList;
			buildConfigurations = (
				1437EAA917089C84001D41DF /* Debug */,
				1437EAAA17089C84001D41DF /* Release */,
			);
			defaultConfigurationIsVisible = 0;
		};
		1437EAAC17089D45001D41DF /* Build configuration list for PBXAggregateTarget "Build Support Libraries" */ = {
			isa = XCConfigurationList;
			buildConfigurations = (
				1437EAAD17089D45001D41DF /* Debug */,
				1437EAAE17089D45001D41DF /* Release */,
			);
			defaultConfigurationIsVisible = 0;
		};
		1DEB91AD08733DA50010E9CD /* Build configuration list for PBXNativeTarget "GDFramework" */ = {
			isa = XCConfigurationList;
			buildConfigurations = (
				1DEB91AE08733DA50010E9CD /* Debug */,
				1DEB91AF08733DA50010E9CD /* Release */,
			);
			defaultConfigurationIsVisible = 0;
			defaultConfigurationName = Release;
		};
		1DEB91B108733DA50010E9CD /* Build configuration list for PBXProject "GDFramework" */ = {
			isa = XCConfigurationList;
			buildConfigurations = (
				1DEB91B208733DA50010E9CD /* Debug */,
				1DEB91B308733DA50010E9CD /* Release */,
			);
			defaultConfigurationIsVisible = 0;
			defaultConfigurationName = Release;
		};
		6E7E92A50F68442A008469A9 /* Build configuration list for PBXNativeTarget "GDFrameworkTest" */ = {
			isa = XCConfigurationList;
			buildConfigurations = (
				6E7E929B0F6843F2008469A9 /* Debug */,
				6E7E929C0F6843F2008469A9 /* Release */,
			);
			defaultConfigurationIsVisible = 0;
			defaultConfigurationName = Release;
		};
/* End XCConfigurationList section */
	};
	rootObject = 0867D690FE84028FC02AAC07 /* Project object */;
}
